
Microsoft Visual Studio Solution File, Format Version 12.00
# Visual Studio 15
VisualStudioVersion = 15.0.27130.2027
MinimumVisualStudioVersion = 10.0.40219.1
Project("{FAE04EC0-301F-11D3-BF4B-00C04F79EFBC}") = "IFFF", "IFFF\IFFF.csproj", "{C7FB12E9-1C0A-424E-97BA-A6AB842218C2}"
EndProject
Global
	GlobalSection(SolutionConfigurationPlatforms) = preSolution
		Debug|Any CPU = Debug|Any CPU
		Release|Any CPU = Release|Any CPU
	EndGlobalSection
	GlobalSection(ProjectConfigurationPlatforms) = postSolution
		{C7FB12E9-1C0A-424E-97BA-A6AB842218C2}.Debug|Any CPU.ActiveCfg = Debug|Any CPU
		{C7FB12E9-1C0A-424E-97BA-A6AB842218C2}.Debug|Any CPU.Build.0 = Debug|Any CPU
		{C7FB12E9-1C0A-424E-97BA-A6AB842218C2}.Release|Any CPU.ActiveCfg = Release|Any CPU
		{C7FB12E9-1C0A-424E-97BA-A6AB842218C2}.Release|Any CPU.Build.0 = Release|Any CPU
	EndGlobalSection
	GlobalSection(SolutionProperties) = preSolution
		HideSolutionNode = FALSE
	EndGlobalSection
	GlobalSection(ExtensibilityGlobals) = postSolution
		SolutionGuid = {8D36410C-134F-44DD-BF9A-265C2BEE9740}
	EndGlobalSection
EndGlobal
